version: 6
environments:
  default:
    channels:
    - url: https://conda.anaconda.org/conda-forge/
    indexes:
    - https://pypi.org/simple
    options:
      pypi-prerelease-mode: if-necessary-or-explicit
    packages:
      osx-arm64:
      - conda: https://conda.anaconda.org/conda-forge/noarch/_python_abi3_support-1.0-hd8ed1ab_2.conda
      - conda: https://conda.anaconda.org/conda-forge/noarch/anyio-4.12.1-pyhcf101f3_0.conda
      - conda: https://conda.anaconda.org/conda-forge/osx-arm64/backports.zstd-1.3.0-py311hee243d0_0.conda
      - conda: https://conda.anaconda.org/conda-forge/osx-arm64/brotli-python-1.2.0-py311hdc60ec4_1.conda
      - conda: https://conda.anaconda.org/conda-forge/osx-arm64/bzip2-1.0.8-hd037594_8.conda
      - conda: https://conda.anaconda.org/conda-forge/noarch/ca-certificates-2026.1.4-hbd8a1cb_0.conda
      - conda: https://conda.anaconda.org/conda-forge/noarch/certifi-2026.1.4-pyhd8ed1ab_0.conda
      - conda: https://conda.anaconda.org/conda-forge/noarch/charset-normalizer-3.4.4-pyhd8ed1ab_0.conda
      - conda: https://conda.anaconda.org/conda-forge/noarch/click-8.3.1-pyh8f84b5b_1.conda
      - conda: https://conda.anaconda.org/conda-forge/noarch/cpython-3.11.14-py311hd8ed1ab_3.conda
      - conda: https://conda.anaconda.org/conda-forge/noarch/exceptiongroup-1.3.1-pyhd8ed1ab_0.conda
      - conda: https://conda.anaconda.org/conda-forge/noarch/filelock-3.20.3-pyhd8ed1ab_0.conda
      - conda: https://conda.anaconda.org/conda-forge/noarch/fsspec-2026.2.0-pyhd8ed1ab_0.conda
      - conda: https://conda.anaconda.org/conda-forge/noarch/h11-0.16.0-pyhcf101f3_1.conda
      - conda: https://conda.anaconda.org/conda-forge/noarch/h2-4.3.0-pyhcf101f3_0.conda
      - conda: https://conda.anaconda.org/conda-forge/osx-arm64/hf-xet-1.2.1-py310h6ce4931_0.conda
      - conda: https://conda.anaconda.org/conda-forge/noarch/hpack-4.1.0-pyhd8ed1ab_0.conda
      - conda: https://conda.anaconda.org/conda-forge/noarch/httpcore-1.0.9-pyh29332c3_0.conda
      - conda: https://conda.anaconda.org/conda-forge/noarch/httpx-0.28.1-pyhd8ed1ab_0.conda
      - conda: https://conda.anaconda.org/conda-forge/noarch/huggingface_hub-1.4.1-pyhd8ed1ab_0.conda
      - conda: https://conda.anaconda.org/conda-forge/noarch/hyperframe-6.1.0-pyhd8ed1ab_0.conda
      - conda: https://conda.anaconda.org/conda-forge/osx-arm64/icu-78.2-h38cb7af_0.conda
      - conda: https://conda.anaconda.org/conda-forge/noarch/idna-3.11-pyhd8ed1ab_0.conda
      - conda: https://conda.anaconda.org/conda-forge/osx-arm64/libabseil-20260107.0-cxx17_h2062a1b_0.conda
      - conda: https://conda.anaconda.org/conda-forge/osx-arm64/libcxx-21.1.8-h55c6f16_2.conda
      - conda: https://conda.anaconda.org/conda-forge/osx-arm64/libexpat-2.7.3-haf25636_0.conda
      - conda: https://conda.anaconda.org/conda-forge/osx-arm64/libffi-3.5.2-hcf2aa1b_0.conda
      - conda: https://conda.anaconda.org/conda-forge/osx-arm64/liblzma-5.8.2-h8088a28_0.conda
      - conda: https://conda.anaconda.org/conda-forge/osx-arm64/libsqlite-3.51.2-h1ae2325_0.conda
      - conda: https://conda.anaconda.org/conda-forge/osx-arm64/libzlib-1.3.1-h8359307_2.conda
      - conda: https://conda.anaconda.org/conda-forge/osx-arm64/ncurses-6.5-h5e97a16_3.conda
      - conda: https://conda.anaconda.org/conda-forge/osx-arm64/openssl-3.6.1-hd24854e_1.conda
      - conda: https://conda.anaconda.org/conda-forge/noarch/packaging-26.0-pyhcf101f3_0.conda
      - conda: https://conda.anaconda.org/conda-forge/osx-arm64/protobuf-6.33.5-py311h4660234_0.conda
      - conda: https://conda.anaconda.org/conda-forge/noarch/pysocks-1.7.1-pyha55dd90_7.conda
      - conda: https://conda.anaconda.org/conda-forge/osx-arm64/python-3.11.14-h18782d2_3_cpython.conda
      - conda: https://conda.anaconda.org/conda-forge/noarch/python-gil-3.11.14-hd8ed1ab_3.conda
      - conda: https://conda.anaconda.org/conda-forge/noarch/python_abi-3.11-8_cp311.conda
      - conda: https://conda.anaconda.org/conda-forge/osx-arm64/pyyaml-6.0.3-py311hc290fe0_1.conda
      - conda: https://conda.anaconda.org/conda-forge/osx-arm64/readline-8.3-h46df422_0.conda
      - conda: https://conda.anaconda.org/conda-forge/noarch/requests-2.32.5-pyhcf101f3_1.conda
      - conda: https://conda.anaconda.org/conda-forge/noarch/shellingham-1.5.4-pyhd8ed1ab_2.conda
      - conda: https://conda.anaconda.org/conda-forge/noarch/sniffio-1.3.1-pyhd8ed1ab_2.conda
      - conda: https://conda.anaconda.org/conda-forge/osx-arm64/tk-8.6.13-h010d191_3.conda
      - conda: https://conda.anaconda.org/conda-forge/noarch/tqdm-4.67.3-pyh8f84b5b_0.conda
      - conda: https://conda.anaconda.org/conda-forge/noarch/typer-slim-0.21.1-pyhcf101f3_0.conda
      - conda: https://conda.anaconda.org/conda-forge/noarch/typing-extensions-4.15.0-h396c80c_0.conda
      - conda: https://conda.anaconda.org/conda-forge/noarch/typing_extensions-4.15.0-pyhcf101f3_0.conda
      - conda: https://conda.anaconda.org/conda-forge/noarch/tzdata-2025c-hc9c84f9_1.conda
      - conda: https://conda.anaconda.org/conda-forge/noarch/urllib3-2.6.3-pyhd8ed1ab_0.conda
      - conda: https://conda.anaconda.org/conda-forge/osx-arm64/yaml-0.2.5-h925e9cb_3.conda
      - conda: https://conda.anaconda.org/conda-forge/osx-arm64/zstd-1.5.7-hbf9d68e_6.conda
      - pypi: https://files.pythonhosted.org/packages/62/a1/3d680cbfd5f4b8f15abc1d571870c5fc3e594bb582bc3b64ea099db13e56/jinja2-3.1.6-py3-none-any.whl
      - pypi: https://files.pythonhosted.org/packages/e1/2e/5898933336b61975ce9dc04decbc0a7f2fee78c30353c5efba7f2d6ff27a/markupsafe-3.0.3-cp311-cp311-macosx_11_0_arm64.whl
      - pypi: https://files.pythonhosted.org/packages/94/13/3e91a37fa55dc0e9114620729ab61b27f45ed59053fc77846cad2df54f21/mlx-0.29.3-cp311-cp311-macosx_13_0_arm64.whl
      - pypi: https://files.pythonhosted.org/packages/e5/53/913099c91d384e115ea078325efd9a0bc1ea3eb3458c694b4596cbd267f2/mlx_lm-0.29.1-py3-none-any.whl
      - pypi: https://files.pythonhosted.org/packages/41/95/a00054a006df82bb1b5b8f666ae44a676b259146fadbff90fe654309fefc/mlx_metal-0.29.3-py3-none-macosx_13_0_arm64.whl
      - pypi: https://files.pythonhosted.org/packages/74/41/5d17d4058bd0cd96bcbd4d9ff0fb2e21f52702aab9a72e4a594efa18692f/numpy-2.4.2-cp311-cp311-macosx_11_0_arm64.whl
      - pypi: https://files.pythonhosted.org/packages/a0/f9/5f1fd077d106ca5655a0f9ff8f25a1ab55b92128b5713a91ed7134ff688e/regex-2026.1.15-cp311-cp311-macosx_11_0_arm64.whl
      - pypi: https://files.pythonhosted.org/packages/e8/00/374c0c068e30cd31f1e1b46b4b5738168ec79e7689ca82ee93ddfea05109/safetensors-0.7.0-cp38-abi3-macosx_11_0_arm64.whl
      - pypi: https://files.pythonhosted.org/packages/bb/88/2b41e07bd24f33dcf2f18ec3b74247aa4af3526bad8907b8727ea3caba03/sentencepiece-0.2.1-cp311-cp311-macosx_11_0_arm64.whl
      - pypi: https://files.pythonhosted.org/packages/2e/47/174dca0502ef88b28f1c9e06b73ce33500eedfac7a7692108aec220464e7/tokenizers-0.22.2-cp39-abi3-macosx_11_0_arm64.whl
      - pypi: https://files.pythonhosted.org/packages/b7/66/57042d4b0f1ede8046d7ae6409bf3640df996e9cbc3fe20467aa29badc54/transformers-5.1.0-py3-none-any.whl
packages:
- conda: https://conda.anaconda.org/conda-forge/noarch/_python_abi3_support-1.0-hd8ed1ab_2.conda
  sha256: a3967b937b9abf0f2a99f3173fa4630293979bd1644709d89580e7c62a544661
  md5: aaa2a381ccc56eac91d63b6c1240312f
  depends:
  - cpython
  - python-gil
  license: MIT
  license_family: MIT
  purls: []
  size: 8191
  timestamp: 1744137672556
- conda: https://conda.anaconda.org/conda-forge/noarch/anyio-4.12.1-pyhcf101f3_0.conda
  sha256: eb0c4e2b24f1fbefaf96ce6c992c6bd64340bc3c06add4d7415ab69222b201da
  md5: 11a2b8c732d215d977998ccd69a9d5e8
  depends:
  - exceptiongroup >=1.0.2
  - idna >=2.8
  - python >=3.10
  - typing_extensions >=4.5
  - python
  constrains:
  - trio >=0.32.0
  - uvloop >=0.21
  license: MIT
  license_family: MIT
  purls:
  - pkg:pypi/anyio?source=compressed-mapping
  size: 145175
  timestamp: 1767719033569
- conda: https://conda.anaconda.org/conda-forge/osx-arm64/backports.zstd-1.3.0-py311hee243d0_0.conda
  sha256: 57bace9e1431c53952af4cc98ee276cd47604ab98686d837b457246aa2a6dd45
  md5: 6838fc10cc74fe2feb818e2add03d328
  depends:
  - python
  - __osx >=11.0
  - python 3.11.* *_cpython
  - zstd >=1.5.7,<1.6.0a0
  - python_abi 3.11.* *_cp311
  license: BSD-3-Clause AND MIT AND EPL-2.0
  purls:
  - pkg:pypi/backports-zstd?source=hash-mapping
  size: 246748
  timestamp: 1767045020742
- conda: https://conda.anaconda.org/conda-forge/osx-arm64/brotli-python-1.2.0-py311hdc60ec4_1.conda
  sha256: 617545ec0e97d35ed2ff7852f2581a20c0dda80b366d0c42a43706687f971ba8
  md5: 150cbf381febcf0a5e470a8d066e1bc0
  depends:
  - __osx >=11.0
  - libcxx >=19
  - python >=3.11,<3.12.0a0
  - python >=3.11,<3.12.0a0 *_cpython
  - python_abi 3.11.* *_cp311
  constrains:
  - libbrotlicommon 1.2.0 hc919400_1
  license: MIT
  license_family: MIT
  purls:
  - pkg:pypi/brotli?source=hash-mapping
  size: 359588
  timestamp: 1764018467340
- conda: https://conda.anaconda.org/conda-forge/osx-arm64/bzip2-1.0.8-hd037594_8.conda
  sha256: b456200636bd5fecb2bec63f7e0985ad2097cf1b83d60ce0b6968dffa6d02aa1
  md5: 58fd217444c2a5701a44244faf518206
  depends:
  - __osx >=11.0
  license: bzip2-1.0.6
  license_family: BSD
  purls: []
  size: 125061
  timestamp: 1757437486465
- conda: https://conda.anaconda.org/conda-forge/noarch/ca-certificates-2026.1.4-hbd8a1cb_0.conda
  sha256: b5974ec9b50e3c514a382335efa81ed02b05906849827a34061c496f4defa0b2
  md5: bddacf101bb4dd0e51811cb69c7790e2
  depends:
  - __unix
  license: ISC
  purls: []
  size: 146519
  timestamp: 1767500828366
- conda: https://conda.anaconda.org/conda-forge/noarch/certifi-2026.1.4-pyhd8ed1ab_0.conda
  sha256: 110338066d194a715947808611b763857c15458f8b3b97197387356844af9450
  md5: eacc711330cd46939f66cd401ff9c44b
  depends:
  - python >=3.10
  license: ISC
  purls:
  - pkg:pypi/certifi?source=compressed-mapping
  size: 150969
  timestamp: 1767500900768
- conda: https://conda.anaconda.org/conda-forge/noarch/charset-normalizer-3.4.4-pyhd8ed1ab_0.conda
  sha256: b32f8362e885f1b8417bac2b3da4db7323faa12d5db62b7fd6691c02d60d6f59
  md5: a22d1fd9bf98827e280a02875d9a007a
  depends:
  - python >=3.10
  license: MIT
  license_family: MIT
  purls:
  - pkg:pypi/charset-normalizer?source=hash-mapping
  size: 50965
  timestamp: 1760437331772
- conda: https://conda.anaconda.org/conda-forge/noarch/click-8.3.1-pyh8f84b5b_1.conda
  sha256: 38cfe1ee75b21a8361c8824f5544c3866f303af1762693a178266d7f198e8715
  md5: ea8a6c3256897cc31263de9f455e25d9
  depends:
  - python >=3.10
  - __unix
  - python
  license: BSD-3-Clause
  license_family: BSD
  purls:
  - pkg:pypi/click?source=hash-mapping
  size: 97676
  timestamp: 1764518652276
- conda: https://conda.anaconda.org/conda-forge/noarch/cpython-3.11.14-py311hd8ed1ab_3.conda
  noarch: generic
  sha256: 1ab553de31284db27705bba6ff8931b54b8d39e70d700718d6169c7f9c7c88bb
  md5: 85bce7761323f3b9b0854437afde219c
  depends:
  - python >=3.11,<3.12.0a0
  - python_abi * *_cp311
  license: Python-2.0
  purls: []
  size: 47960
  timestamp: 1769471134936
- conda: https://conda.anaconda.org/conda-forge/noarch/exceptiongroup-1.3.1-pyhd8ed1ab_0.conda
  sha256: ee6cf346d017d954255bbcbdb424cddea4d14e4ed7e9813e429db1d795d01144
  md5: 8e662bd460bda79b1ea39194e3c4c9ab
  depends:
  - python >=3.10
  - typing_extensions >=4.6.0
  license: MIT and PSF-2.0
  purls:
  - pkg:pypi/exceptiongroup?source=hash-mapping
  size: 21333
  timestamp: 1763918099466
- conda: https://conda.anaconda.org/conda-forge/noarch/filelock-3.20.3-pyhd8ed1ab_0.conda
  sha256: 8b90dc21f00167a7e58abb5141a140bdb31a7c5734fe1361b5f98f4a4183fd32
  md5: 2cfaaccf085c133a477f0a7a8657afe9
  depends:
  - python >=3.10
  license: Unlicense
  purls:
  - pkg:pypi/filelock?source=hash-mapping
  size: 18661
  timestamp: 1768022315929
- conda: https://conda.anaconda.org/conda-forge/noarch/fsspec-2026.2.0-pyhd8ed1ab_0.conda
  sha256: 239b67edf1c5e5caed52cf36e9bed47cb21b37721779828c130e6b3fd9793c1b
  md5: 496c6c9411a6284addf55c898d6ed8d7
  depends:
  - python >=3.10
  license: BSD-3-Clause
  purls:
  - pkg:pypi/fsspec?source=compressed-mapping
  size: 148757
  timestamp: 1770387898414
- conda: https://conda.anaconda.org/conda-forge/noarch/h11-0.16.0-pyhcf101f3_1.conda
  sha256: 96cac6573fd35ae151f4d6979bab6fbc90cb6b1fb99054ba19eb075da9822fcb
  md5: b8993c19b0c32a2f7b66cbb58ca27069
  depends:
  - python >=3.10
  - typing_extensions
  - python
  license: MIT
  license_family: MIT
  purls:
  - pkg:pypi/h11?source=compressed-mapping
  size: 39069
  timestamp: 1767729720872
- conda: https://conda.anaconda.org/conda-forge/noarch/h2-4.3.0-pyhcf101f3_0.conda
  sha256: 84c64443368f84b600bfecc529a1194a3b14c3656ee2e832d15a20e0329b6da3
  md5: 164fc43f0b53b6e3a7bc7dce5e4f1dc9
  depends:
  - python >=3.10
  - hyperframe >=6.1,<7
  - hpack >=4.1,<5
  - python
  license: MIT
  license_family: MIT
  purls:
  - pkg:pypi/h2?source=hash-mapping
  size: 95967
  timestamp: 1756364871835
- conda: https://conda.anaconda.org/conda-forge/osx-arm64/hf-xet-1.2.1-py310h6ce4931_0.conda
  noarch: python
  sha256: e101714629795f382b3da88473fff0d1c41010b0c827781b1365960768d14d37
  md5: 25c8979ef595b889ec105be9964738f4
  depends:
  - python
  - __osx >=11.0
  - openssl >=3.5.4,<4.0a0
  - _python_abi3_support 1.*
  - cpython >=3.10
  constrains:
  - __osx >=11.0
  license: Apache-2.0
  license_family: APACHE
  purls:
  - pkg:pypi/hf-xet?source=hash-mapping
  size: 2517013
  timestamp: 1763772770292
- conda: https://conda.anaconda.org/conda-forge/noarch/hpack-4.1.0-pyhd8ed1ab_0.conda
  sha256: 6ad78a180576c706aabeb5b4c8ceb97c0cb25f1e112d76495bff23e3779948ba
  md5: 0a802cb9888dd14eeefc611f05c40b6e
  depends:
  - python >=3.9
  license: MIT
  license_family: MIT
  purls:
  - pkg:pypi/hpack?source=hash-mapping
  size: 30731
  timestamp: 1737618390337
- conda: https://conda.anaconda.org/conda-forge/noarch/httpcore-1.0.9-pyh29332c3_0.conda
  sha256: 04d49cb3c42714ce533a8553986e1642d0549a05dc5cc48e0d43ff5be6679a5b
  md5: 4f14640d58e2cc0aa0819d9d8ba125bb
  depends:
  - python >=3.9
  - h11 >=0.16
  - h2 >=3,<5
  - sniffio 1.*
  - anyio >=4.0,<5.0
  - certifi
  - python
  license: BSD-3-Clause
  license_family: BSD
  purls:
  - pkg:pypi/httpcore?source=hash-mapping
  size: 49483
  timestamp: 1745602916758
- conda: https://conda.anaconda.org/conda-forge/noarch/httpx-0.28.1-pyhd8ed1ab_0.conda
  sha256: cd0f1de3697b252df95f98383e9edb1d00386bfdd03fdf607fa42fe5fcb09950
  md5: d6989ead454181f4f9bc987d3dc4e285
  depends:
  - anyio
  - certifi
  - httpcore 1.*
  - idna
  - python >=3.9
  license: BSD-3-Clause
  license_family: BSD
  purls:
  - pkg:pypi/httpx?source=hash-mapping
  size: 63082
  timestamp: 1733663449209
- conda: https://conda.anaconda.org/conda-forge/noarch/huggingface_hub-1.4.1-pyhd8ed1ab_0.conda
  sha256: 53de5e4ffe099c0633130c9ddf16c7466441ad799da34c8cb8cdf0a395faedb7
  md5: 3383f114a8c3dde43619c2d36742e626
  depends:
  - filelock
  - fsspec >=2023.5.0
  - hf-xet >=1.2.0,<2.0.0
  - httpx >=0.23.0,<1
  - packaging >=20.9
  - python >=3.10
  - pyyaml >=5.1
  - requests
  - shellingham
  - tqdm >=4.42.1
  - typer-slim
  - typing-extensions >=3.7.4.3
  - typing_extensions >=4.1.0
  license: Apache-2.0
  purls:
  - pkg:pypi/huggingface-hub?source=compressed-mapping
  size: 343630
  timestamp: 1770381398456
- conda: https://conda.anaconda.org/conda-forge/noarch/hyperframe-6.1.0-pyhd8ed1ab_0.conda
  sha256: 77af6f5fe8b62ca07d09ac60127a30d9069fdc3c68d6b256754d0ffb1f7779f8
  md5: 8e6923fc12f1fe8f8c4e5c9f343256ac
  depends:
  - python >=3.9
  license: MIT
  license_family: MIT
  purls:
  - pkg:pypi/hyperframe?source=hash-mapping
  size: 17397
  timestamp: 1737618427549
- conda: https://conda.anaconda.org/conda-forge/osx-arm64/icu-78.2-h38cb7af_0.conda
  sha256: d4cefbca587429d1192509edc52c88de52bc96c2447771ddc1f8bee928aed5ef
  md5: 1e93aca311da0210e660d2247812fa02
  depends:
  - __osx >=11.0
  license: MIT
  license_family: MIT
  purls: []
  size: 12358010
  timestamp: 1767970350308
- conda: https://conda.anaconda.org/conda-forge/noarch/idna-3.11-pyhd8ed1ab_0.conda
  sha256: ae89d0299ada2a3162c2614a9d26557a92aa6a77120ce142f8e0109bbf0342b0
  md5: 53abe63df7e10a6ba605dc5f9f961d36
  depends:
  - python >=3.10
  license: BSD-3-Clause
  license_family: BSD
  purls:
  - pkg:pypi/idna?source=hash-mapping
  size: 50721
  timestamp: 1760286526795
- pypi: https://files.pythonhosted.org/packages/62/a1/3d680cbfd5f4b8f15abc1d571870c5fc3e594bb582bc3b64ea099db13e56/jinja2-3.1.6-py3-none-any.whl
  name: jinja2
  version: 3.1.6
  sha256: 85ece4451f492d0c13c5dd7c13a64681a86afae63a5f347908daf103ce6d2f67
  requires_dist:
  - markupsafe>=2.0
  - babel>=2.7 ; extra == 'i18n'
  requires_python: '>=3.7'
- conda: https://conda.anaconda.org/conda-forge/osx-arm64/libabseil-20260107.0-cxx17_h2062a1b_0.conda
  sha256: 7882ed261cae510f2fce7d61f6892de3482946a935d5f124b34a06af5220d82c
  md5: 160a2437f91ee5e1bc0178b2837a193c
  depends:
  - __osx >=11.0
  - libcxx >=19
  constrains:
  - libabseil-static =20260107.0=cxx17*
  - abseil-cpp =20260107.0
  license: Apache-2.0
  license_family: Apache
  purls: []
  size: 1231315
  timestamp: 1768185015693
- conda: https://conda.anaconda.org/conda-forge/osx-arm64/libcxx-21.1.8-h55c6f16_2.conda
  sha256: 5fbeb2fc2673f0455af6079abf93faaf27f11a92574ad51565fa1ecac9a4e2aa
  md5: 4cb5878bdb9ebfa65b7cdff5445087c5
  depends:
  - __osx >=11.0
  license: Apache-2.0 WITH LLVM-exception
  license_family: Apache
  purls: []
  size: 570068
  timestamp: 1770238262922
- conda: https://conda.anaconda.org/conda-forge/osx-arm64/libexpat-2.7.3-haf25636_0.conda
  sha256: fce22610ecc95e6d149e42a42fbc3cc9d9179bd4eb6232639a60f06e080eec98
  md5: b79875dbb5b1db9a4a22a4520f918e1a
  depends:
  - __osx >=11.0
  constrains:
  - expat 2.7.3.*
  license: MIT
  license_family: MIT
  purls: []
  size: 67800
  timestamp: 1763549994166
- conda: https://conda.anaconda.org/conda-forge/osx-arm64/libffi-3.5.2-hcf2aa1b_0.conda
  sha256: 6686a26466a527585e6a75cc2a242bf4a3d97d6d6c86424a441677917f28bec7
  md5: 43c04d9cb46ef176bb2a4c77e324d599
  depends:
  - __osx >=11.0
  license: MIT
  license_family: MIT
  purls: []
  size: 40979
  timestamp: 1769456747661
- conda: https://conda.anaconda.org/conda-forge/osx-arm64/liblzma-5.8.2-h8088a28_0.conda
  sha256: 7bfc7ffb2d6a9629357a70d4eadeadb6f88fa26ebc28f606b1c1e5e5ed99dc7e
  md5: 009f0d956d7bfb00de86901d16e486c7
  depends:
  - __osx >=11.0
  constrains:
  - xz 5.8.2.*
  license: 0BSD
  purls: []
  size: 92242
  timestamp: 1768752982486
- conda: https://conda.anaconda.org/conda-forge/osx-arm64/libsqlite-3.51.2-h1ae2325_0.conda
  sha256: 6e9b9f269732cbc4698c7984aa5b9682c168e2a8d1e0406e1ff10091ca046167
  md5: 4b0bf313c53c3e89692f020fb55d5f2c
  depends:
  - __osx >=11.0
  - icu >=78.2,<79.0a0
  - libzlib >=1.3.1,<2.0a0
  license: blessing
  purls: []
  size: 909777
  timestamp: 1768148320535
- conda: https://conda.anaconda.org/conda-forge/osx-arm64/libzlib-1.3.1-h8359307_2.conda
  sha256: ce34669eadaba351cd54910743e6a2261b67009624dbc7daeeafdef93616711b
  md5: 369964e85dc26bfe78f41399b366c435
  depends:
  - __osx >=11.0
  constrains:
  - zlib 1.3.1 *_2
  license: Zlib
  license_family: Other
  purls: []
  size: 46438
  timestamp: 1727963202283
- pypi: https://files.pythonhosted.org/packages/e1/2e/5898933336b61975ce9dc04decbc0a7f2fee78c30353c5efba7f2d6ff27a/markupsafe-3.0.3-cp311-cp311-macosx_11_0_arm64.whl
  name: markupsafe
  version: 3.0.3
  sha256: 4bd4cd07944443f5a265608cc6aab442e4f74dff8088b0dfc8238647b8f6ae9a
  requires_python: '>=3.9'
- pypi: https://files.pythonhosted.org/packages/94/13/3e91a37fa55dc0e9114620729ab61b27f45ed59053fc77846cad2df54f21/mlx-0.29.3-cp311-cp311-macosx_13_0_arm64.whl
  name: mlx
  version: 0.29.3
  sha256: 0ffdf1f171c903adeaa688210ba39063059b102f3dcc52a64c2200d95d237f15
  requires_dist:
  - mlx-metal==0.29.3 ; sys_platform == 'darwin'
  - nanobind==2.4.0 ; extra == 'dev'
  - numpy ; extra == 'dev'
  - pre-commit ; extra == 'dev'
  - setuptools>=80 ; extra == 'dev'
  - torch ; extra == 'dev'
  - typing-extensions ; extra == 'dev'
  - mlx-cuda==0.29.3 ; sys_platform == 'linux' and extra == 'cuda'
  - mlx-cpu==0.29.3 ; sys_platform == 'linux' and extra == 'cpu'
  requires_python: '>=3.9'
- pypi: https://files.pythonhosted.org/packages/e5/53/913099c91d384e115ea078325efd9a0bc1ea3eb3458c694b4596cbd267f2/mlx_lm-0.29.1-py3-none-any.whl
  name: mlx-lm
  version: 0.29.1
  sha256: 440941b3054c2a2216e97615de584cc90fa1ea874782e20699b9895721fad8dc
  requires_dist:
  - mlx>=0.29.2 ; sys_platform == 'darwin'
  - numpy
  - transformers>=4.39.3
  - sentencepiece
  - protobuf
  - pyyaml
  - jinja2
  - datasets ; extra == 'test'
  - lm-eval ; extra == 'test'
  - datasets ; extra == 'train'
  - tqdm ; extra == 'train'
  - lm-eval ; extra == 'evaluate'
  - tqdm ; extra == 'evaluate'
  - mlx[cuda]>=0.29.2 ; extra == 'cuda'
  - mlx[cpu]>=0.29.2 ; extra == 'cpu'
  requires_python: '>=3.8'
- pypi: https://files.pythonhosted.org/packages/41/95/a00054a006df82bb1b5b8f666ae44a676b259146fadbff90fe654309fefc/mlx_metal-0.29.3-py3-none-macosx_13_0_arm64.whl
  name: mlx-metal
  version: 0.29.3
  sha256: 27b5a4d905202a71e84d9fd559ea0236813f6f960ef494e5cafe9c45df4c9d7c
  requires_python: '>=3.9'
- conda: https://conda.anaconda.org/conda-forge/osx-arm64/ncurses-6.5-h5e97a16_3.conda
  sha256: 2827ada40e8d9ca69a153a45f7fd14f32b2ead7045d3bbb5d10964898fe65733
  md5: 068d497125e4bf8a66bf707254fff5ae
  depends:
  - __osx >=11.0
  license: X11 AND BSD-3-Clause
  purls: []
  size: 797030
  timestamp: 1738196177597
- pypi: https://files.pythonhosted.org/packages/74/41/5d17d4058bd0cd96bcbd4d9ff0fb2e21f52702aab9a72e4a594efa18692f/numpy-2.4.2-cp311-cp311-macosx_11_0_arm64.whl
  name: numpy
  version: 2.4.2
  sha256: 7edc794af8b36ca37ef5fcb5e0d128c7e0595c7b96a2318d1badb6fcd8ee86b1
  requires_python: '>=3.11'
- conda: https://conda.anaconda.org/conda-forge/osx-arm64/openssl-3.6.1-hd24854e_1.conda
  sha256: 361f5c5e60052abc12bdd1b50d7a1a43e6a6653aab99a2263bf2288d709dcf67
  md5: f4f6ad63f98f64191c3e77c5f5f29d76
  depends:
  - __osx >=11.0
  - ca-certificates
  license: Apache-2.0
  license_family: Apache
  purls: []
  size: 3104268
  timestamp: 1769556384749
- conda: https://conda.anaconda.org/conda-forge/noarch/packaging-26.0-pyhcf101f3_0.conda
  sha256: c1fc0f953048f743385d31c468b4a678b3ad20caffdeaa94bed85ba63049fd58
  md5: b76541e68fea4d511b1ac46a28dcd2c6
  depends:
  - python >=3.8
  - python
  license: Apache-2.0
  license_family: APACHE
  purls:
  - pkg:pypi/packaging?source=compressed-mapping
  size: 72010
  timestamp: 1769093650580
- conda: https://conda.anaconda.org/conda-forge/osx-arm64/protobuf-6.33.5-py311h4660234_0.conda
  sha256: f3bf4859be121f064b0e9647cf20462a2b60cc68ac53fdb2615fbba3d5140509
  md5: 0f841543b35026a7989e5d2b1a372298
  depends:
  - __osx >=11.0
  - libabseil * cxx17*
  - libabseil >=20260107.0,<20260108.0a0
  - libcxx >=19
  - libzlib >=1.3.1,<2.0a0
  - python >=3.11,<3.12.0a0
  - python >=3.11,<3.12.0a0 *_cpython
  - python_abi 3.11.* *_cp311
  constrains:
  - libprotobuf 6.33.5
  license: BSD-3-Clause
  license_family: BSD
  purls:
  - pkg:pypi/protobuf?source=hash-mapping
  size: 476805
  timestamp: 1769755803516
- conda: https://conda.anaconda.org/conda-forge/noarch/pysocks-1.7.1-pyha55dd90_7.conda
  sha256: ba3b032fa52709ce0d9fd388f63d330a026754587a2f461117cac9ab73d8d0d8
  md5: 461219d1a5bd61342293efa2c0c90eac
  depends:
  - __unix
  - python >=3.9
  license: BSD-3-Clause
  license_family: BSD
  purls:
  - pkg:pypi/pysocks?source=hash-mapping
  size: 21085
  timestamp: 1733217331982
- conda: https://conda.anaconda.org/conda-forge/osx-arm64/python-3.11.14-h18782d2_3_cpython.conda
  build_number: 3
  sha256: f862d544a455bedfa5d77305f0a42c8e3392956e364f8f92d6ca1c844fb3fbd1
  md5: b8f6a28ffd3c97367d4e58e8793ff47c
  depends:
  - __osx >=11.0
  - bzip2 >=1.0.8,<2.0a0
  - libexpat >=2.7.3,<3.0a0
  - libffi >=3.5.2,<3.6.0a0
  - liblzma >=5.8.2,<6.0a0
  - libsqlite >=3.51.2,<4.0a0
  - libzlib >=1.3.1,<2.0a0
  - ncurses >=6.5,<7.0a0
  - openssl >=3.5.4,<4.0a0
  - readline >=8.3,<9.0a0
  - tk >=8.6.13,<8.7.0a0
  - tzdata
  constrains:
  - python_abi 3.11.* *_cp311
  license: Python-2.0
  purls: []
  size: 13707418
  timestamp: 1769472290774
- conda: https://conda.anaconda.org/conda-forge/noarch/python-gil-3.11.14-hd8ed1ab_3.conda
  sha256: ea8823de42087748a85a3e20abb85d54a9bb8e6407595a52f609d709e84d74c4
  md5: ba766ecdcff5b3f015498ad81f4d266e
  depends:
  - cpython 3.11.14.*
  - python_abi * *_cp311
  license: Python-2.0
  purls: []
  size: 47925
  timestamp: 1769471178126
- conda: https://conda.anaconda.org/conda-forge/noarch/python_abi-3.11-8_cp311.conda
  build_number: 8
  sha256: fddf123692aa4b1fc48f0471e346400d9852d96eeed77dbfdd746fa50a8ff894
  md5: 8fcb6b0e2161850556231336dae58358
  constrains:
  - python 3.11.* *_cpython
  license: BSD-3-Clause
  license_family: BSD
  purls: []
  size: 7003
  timestamp: 1752805919375
- conda: https://conda.anaconda.org/conda-forge/osx-arm64/pyyaml-6.0.3-py311hc290fe0_1.conda
  sha256: 984e73d7957460689e10533059de8adb38a308853d298900a37acc58edd84cec
  md5: e4b908da7cd496b3fa6798c0f60a2a19
  depends:
  - __osx >=11.0
  - python >=3.11,<3.12.0a0
  - python >=3.11,<3.12.0a0 *_cpython
  - python_abi 3.11.* *_cp311
  - yaml >=0.2.5,<0.3.0a0
  license: MIT
  license_family: MIT
  purls:
  - pkg:pypi/pyyaml?source=compressed-mapping
  size: 192948
  timestamp: 1770223655988
- conda: https://conda.anaconda.org/conda-forge/osx-arm64/readline-8.3-h46df422_0.conda
  sha256: a77010528efb4b548ac2a4484eaf7e1c3907f2aec86123ed9c5212ae44502477
  md5: f8381319127120ce51e081dce4865cf4
  depends:
  - __osx >=11.0
  - ncurses >=6.5,<7.0a0
  license: GPL-3.0-only
  license_family: GPL
  purls: []
  size: 313930
  timestamp: 1765813902568
- pypi: https://files.pythonhosted.org/packages/a0/f9/5f1fd077d106ca5655a0f9ff8f25a1ab55b92128b5713a91ed7134ff688e/regex-2026.1.15-cp311-cp311-macosx_11_0_arm64.whl
  name: regex
  version: 2026.1.15
  sha256: 1e8cd52557603f5c66a548f69421310886b28b7066853089e1a71ee710e1cdc1
  requires_python: '>=3.9'
- conda: https://conda.anaconda.org/conda-forge/noarch/requests-2.32.5-pyhcf101f3_1.conda
  sha256: 7813c38b79ae549504b2c57b3f33394cea4f2ad083f0994d2045c2e24cb538c5
  md5: c65df89a0b2e321045a9e01d1337b182
  depends:
  - python >=3.10
  - certifi >=2017.4.17
  - charset-normalizer >=2,<4
  - idna >=2.5,<4
  - urllib3 >=1.21.1,<3
  - python
  constrains:
  - chardet >=3.0.2,<6
  license: Apache-2.0
  license_family: APACHE
  purls:
  - pkg:pypi/requests?source=compressed-mapping
  size: 63602
  timestamp: 1766926974520
- pypi: https://files.pythonhosted.org/packages/e8/00/374c0c068e30cd31f1e1b46b4b5738168ec79e7689ca82ee93ddfea05109/safetensors-0.7.0-cp38-abi3-macosx_11_0_arm64.whl
  name: safetensors
  version: 0.7.0
  sha256: 94fd4858284736bb67a897a41608b5b0c2496c9bdb3bf2af1fa3409127f20d57
  requires_dist:
  - numpy>=1.21.6 ; extra == 'numpy'
  - packaging ; extra == 'torch'
  - safetensors[numpy] ; extra == 'torch'
  - torch>=1.10 ; extra == 'torch'
  - safetensors[numpy] ; extra == 'tensorflow'
  - tensorflow>=2.11.0 ; extra == 'tensorflow'
  - safetensors[numpy] ; extra == 'pinned-tf'
  - tensorflow==2.18.0 ; extra == 'pinned-tf'
  - safetensors[numpy] ; extra == 'jax'
  - flax>=0.6.3 ; extra == 'jax'
  - jax>=0.3.25 ; extra == 'jax'
  - jaxlib>=0.3.25 ; extra == 'jax'
  - mlx>=0.0.9 ; extra == 'mlx'
  - safetensors[numpy] ; extra == 'paddlepaddle'
  - paddlepaddle>=2.4.1 ; extra == 'paddlepaddle'
  - ruff ; extra == 'quality'
  - safetensors[numpy] ; extra == 'testing'
  - h5py>=3.7.0 ; extra == 'testing'
  - huggingface-hub>=0.12.1 ; extra == 'testing'
  - setuptools-rust>=1.5.2 ; extra == 'testing'
  - pytest>=7.2.0 ; extra == 'testing'
  - pytest-benchmark>=4.0.0 ; extra == 'testing'
  - hypothesis>=6.70.2 ; extra == 'testing'
  - safetensors[numpy] ; extra == 'testingfree'
  - huggingface-hub>=0.12.1 ; extra == 'testingfree'
  - setuptools-rust>=1.5.2 ; extra == 'testingfree'
  - pytest>=7.2.0 ; extra == 'testingfree'
  - pytest-benchmark>=4.0.0 ; extra == 'testingfree'
  - hypothesis>=6.70.2 ; extra == 'testingfree'
  - safetensors[torch] ; extra == 'all'
  - safetensors[numpy] ; extra == 'all'
  - safetensors[pinned-tf] ; extra == 'all'
  - safetensors[jax] ; extra == 'all'
  - safetensors[paddlepaddle] ; extra == 'all'
  - safetensors[quality] ; extra == 'all'
  - safetensors[testing] ; extra == 'all'
  - safetensors[all] ; extra == 'dev'
  requires_python: '>=3.9'
- pypi: https://files.pythonhosted.org/packages/bb/88/2b41e07bd24f33dcf2f18ec3b74247aa4af3526bad8907b8727ea3caba03/sentencepiece-0.2.1-cp311-cp311-macosx_11_0_arm64.whl
  name: sentencepiece
  version: 0.2.1
  sha256: 02593eca45440ef39247cee8c47322a34bdcc1d8ae83ad28ba5a899a2cf8d79a
  requires_dist:
  - pytest ; extra == 'test'
  - test ; extra == 'testpaths'
  requires_python: '>=3.9'
- conda: https://conda.anaconda.org/conda-forge/noarch/shellingham-1.5.4-pyhd8ed1ab_2.conda
  sha256: 1d6534df8e7924d9087bd388fbac5bd868c5bf8971c36885f9f016da0657d22b
  md5: 83ea3a2ddb7a75c1b09cea582aa4f106
  depends:
  - python >=3.10
  license: MIT
  license_family: MIT
  purls:
  - pkg:pypi/shellingham?source=hash-mapping
  size: 15018
  timestamp: 1762858315311
- conda: https://conda.anaconda.org/conda-forge/noarch/sniffio-1.3.1-pyhd8ed1ab_2.conda
  sha256: dce518f45e24cd03f401cb0616917773159a210c19d601c5f2d4e0e5879d30ad
  md5: 03fe290994c5e4ec17293cfb6bdce520
  depends:
  - python >=3.10
  license: Apache-2.0
  license_family: Apache
  purls:
  - pkg:pypi/sniffio?source=compressed-mapping
  size: 15698
  timestamp: 1762941572482
- conda: https://conda.anaconda.org/conda-forge/osx-arm64/tk-8.6.13-h010d191_3.conda
  sha256: 799cab4b6cde62f91f750149995d149bc9db525ec12595e8a1d91b9317f038b3
  md5: a9d86bc62f39b94c4661716624eb21b0
  depends:
  - __osx >=11.0
  - libzlib >=1.3.1,<2.0a0
  license: TCL
  license_family: BSD
  purls: []
  size: 3127137
  timestamp: 1769460817696
- pypi: https://files.pythonhosted.org/packages/2e/47/174dca0502ef88b28f1c9e06b73ce33500eedfac7a7692108aec220464e7/tokenizers-0.22.2-cp39-abi3-macosx_11_0_arm64.whl
  name: tokenizers
  version: 0.22.2
  sha256: 1e418a55456beedca4621dbab65a318981467a2b188e982a23e117f115ce5001
  requires_dist:
  - huggingface-hub>=0.16.4,<2.0
  - pytest ; extra == 'testing'
  - pytest-asyncio ; extra == 'testing'
  - requests ; extra == 'testing'
  - numpy ; extra == 'testing'
  - datasets ; extra == 'testing'
  - ruff ; extra == 'testing'
  - ty ; extra == 'testing'
  - sphinx ; extra == 'docs'
  - sphinx-rtd-theme ; extra == 'docs'
  - setuptools-rust ; extra == 'docs'
  - tokenizers[testing] ; extra == 'dev'
  requires_python: '>=3.9'
- conda: https://conda.anaconda.org/conda-forge/noarch/tqdm-4.67.3-pyh8f84b5b_0.conda
  sha256: 9ef8e47cf00e4d6dcc114eb32a1504cc18206300572ef14d76634ba29dfe1eb6
  md5: e5ce43272193b38c2e9037446c1d9206
  depends:
  - python >=3.10
  - __unix
  - python
  license: MPL-2.0 and MIT
  purls:
  - pkg:pypi/tqdm?source=compressed-mapping
  size: 94132
  timestamp: 1770153424136
- pypi: https://files.pythonhosted.org/packages/b7/66/57042d4b0f1ede8046d7ae6409bf3640df996e9cbc3fe20467aa29badc54/transformers-5.1.0-py3-none-any.whl
  name: transformers
  version: 5.1.0
  sha256: de534b50c9b2ce6217fc56421075a1734241fb40704fdc90f50f6a08fc533d59
  requires_dist:
  - huggingface-hub>=1.3.0,<2.0
  - numpy>=1.17
  - packaging>=20.0
  - pyyaml>=5.1
  - regex!=2019.12.17
  - tokenizers>=0.22.0,<=0.23.0
  - typer-slim
  - safetensors>=0.4.3
  - tqdm>=4.27
  - torch>=2.4 ; extra == 'torch'
  - accelerate>=1.1.0 ; extra == 'torch'
  - torchvision ; extra == 'vision'
  - pillow>=10.0.1,<=15.0 ; extra == 'vision'
  - torchaudio ; extra == 'audio'
  - librosa ; extra == 'audio'
  - pyctcdecode>=0.4.0 ; extra == 'audio'
  - phonemizer ; extra == 'audio'
  - av ; extra == 'video'
  - timm>=1.0.23 ; extra == 'timm'
  - datasets>=2.15.0 ; extra == 'quality'
  - ruff==0.14.10 ; extra == 'quality'
  - gitpython<3.1.19 ; extra == 'quality'
  - urllib3<2.0.0 ; extra == 'quality'
  - libcst ; extra == 'quality'
  - rich ; extra == 'quality'
  - kernels>=0.10.2,<0.11 ; extra == 'kernels'
  - sentencepiece>=0.1.91,!=0.1.92 ; extra == 'sentencepiece'
  - protobuf ; extra == 'sentencepiece'
  - tiktoken ; extra == 'tiktoken'
  - blobfile ; extra == 'tiktoken'
  - mistral-common[image]>=1.8.8 ; extra == 'mistral-common'
  - jinja2>=3.1.0 ; extra == 'chat-template'
  - jmespath>=1.0.1 ; extra == 'chat-template'
  - scikit-learn ; extra == 'sklearn'
  - accelerate>=1.1.0 ; extra == 'accelerate'
  - faiss-cpu ; extra == 'retrieval'
  - datasets>=2.15.0 ; extra == 'retrieval'
  - sagemaker>=2.31.0 ; extra == 'sagemaker'
  - deepspeed>=0.9.3 ; extra == 'deepspeed'
  - accelerate>=1.1.0 ; extra == 'deepspeed'
  - optuna ; extra == 'optuna'
  - kernels>=0.10.2,<0.11 ; extra == 'integrations'
  - optuna ; extra == 'integrations'
  - codecarbon>=2.8.1 ; extra == 'integrations'
  - ray[tune]>=2.7.0 ; extra == 'integrations'
  - ray[tune]>=2.7.0 ; extra == 'ray'
  - codecarbon>=2.8.1 ; extra == 'codecarbon'
  - openai>=1.98.0 ; extra == 'serving'
  - pydantic>=2 ; extra == 'serving'
  - uvicorn ; extra == 'serving'
  - fastapi ; extra == 'serving'
  - starlette ; extra == 'serving'
  - rich ; extra == 'serving'
  - torch>=2.4 ; extra == 'serving'
  - accelerate>=1.1.0 ; extra == 'serving'
  - num2words ; extra == 'num2words'
  - optimum-benchmark>=0.3.0 ; extra == 'benchmark'
  - fugashi>=1.0 ; extra == 'ja'
  - ipadic>=1.0.0,<2.0 ; extra == 'ja'
  - unidic-lite>=1.0.7 ; extra == 'ja'
  - unidic>=1.0.2 ; extra == 'ja'
  - rhoknp>=1.1.0,<1.3.1 ; extra == 'ja'
  - sudachipy>=0.6.6 ; extra == 'ja'
  - sudachidict-core>=20220729 ; extra == 'ja'
  - opentelemetry-api ; extra == 'open-telemetry'
  - opentelemetry-exporter-otlp ; extra == 'open-telemetry'
  - opentelemetry-sdk ; extra == 'open-telemetry'
  - pytest>=7.2.0,<9.0.0 ; extra == 'testing'
  - pytest-asyncio>=1.2.0 ; extra == 'testing'
  - pytest-random-order ; extra == 'testing'
  - pytest-rich ; extra == 'testing'
  - pytest-xdist ; extra == 'testing'
  - pytest-order ; extra == 'testing'
  - pytest-rerunfailures<16.0 ; extra == 'testing'
  - pytest-timeout ; extra == 'testing'
  - pytest-env ; extra == 'testing'
  - timeout-decorator ; extra == 'testing'
  - parameterized>=0.9 ; extra == 'testing'
  - psutil ; extra == 'testing'
  - dill<0.3.5 ; extra == 'testing'
  - evaluate>=0.4.6 ; extra == 'testing'
  - rouge-score!=0.0.7,!=0.0.8,!=0.1,!=0.1.1 ; extra == 'testing'
  - nltk<=3.8.1 ; extra == 'testing'
  - sacremoses ; extra == 'testing'
  - rjieba ; extra == 'testing'
  - beautifulsoup4 ; extra == 'testing'
  - tensorboard ; extra == 'testing'
  - sacrebleu>=1.4.12,<2.0.0 ; extra == 'testing'
  - filelock ; extra == 'testing'
  - datasets>=2.15.0 ; extra == 'testing'
  - ruff==0.14.10 ; extra == 'testing'
  - gitpython<3.1.19 ; extra == 'testing'
  - urllib3<2.0.0 ; extra == 'testing'
  - libcst ; extra == 'testing'
  - rich ; extra == 'testing'
  - faiss-cpu ; extra == 'testing'
  - datasets>=2.15.0 ; extra == 'testing'
  - sentencepiece>=0.1.91,!=0.1.92 ; extra == 'testing'
  - protobuf ; extra == 'testing'
  - openai>=1.98.0 ; extra == 'testing'
  - pydantic>=2 ; extra == 'testing'
  - uvicorn ; extra == 'testing'
  - fastapi ; extra == 'testing'
  - starlette ; extra == 'testing'
  - rich ; extra == 'testing'
  - torch>=2.4 ; extra == 'testing'
  - accelerate>=1.1.0 ; extra == 'testing'
  - mistral-common[image]>=1.8.8 ; extra == 'testing'
  - deepspeed>=0.9.3 ; extra == 'deepspeed-testing'
  - accelerate>=1.1.0 ; extra == 'deepspeed-testing'
  - pytest>=7.2.0,<9.0.0 ; extra == 'deepspeed-testing'
  - pytest-asyncio>=1.2.0 ; extra == 'deepspeed-testing'
  - pytest-random-order ; extra == 'deepspeed-testing'
  - pytest-rich ; extra == 'deepspeed-testing'
  - pytest-xdist ; extra == 'deepspeed-testing'
  - pytest-order ; extra == 'deepspeed-testing'
  - pytest-rerunfailures<16.0 ; extra == 'deepspeed-testing'
  - pytest-timeout ; extra == 'deepspeed-testing'
  - pytest-env ; extra == 'deepspeed-testing'
  - timeout-decorator ; extra == 'deepspeed-testing'
  - parameterized>=0.9 ; extra == 'deepspeed-testing'
  - psutil ; extra == 'deepspeed-testing'
  - dill<0.3.5 ; extra == 'deepspeed-testing'
  - evaluate>=0.4.6 ; extra == 'deepspeed-testing'
  - rouge-score!=0.0.7,!=0.0.8,!=0.1,!=0.1.1 ; extra == 'deepspeed-testing'
  - nltk<=3.8.1 ; extra == 'deepspeed-testing'
  - sacremoses ; extra == 'deepspeed-testing'
  - rjieba ; extra == 'deepspeed-testing'
  - beautifulsoup4 ; extra == 'deepspeed-testing'
  - tensorboard ; extra == 'deepspeed-testing'
  - sacrebleu>=1.4.12,<2.0.0 ; extra == 'deepspeed-testing'
  - filelock ; extra == 'deepspeed-testing'
  - datasets>=2.15.0 ; extra == 'deepspeed-testing'
  - ruff==0.14.10 ; extra == 'deepspeed-testing'
  - gitpython<3.1.19 ; extra == 'deepspeed-testing'
  - urllib3<2.0.0 ; extra == 'deepspeed-testing'
  - libcst ; extra == 'deepspeed-testing'
  - rich ; extra == 'deepspeed-testing'
  - faiss-cpu ; extra == 'deepspeed-testing'
  - datasets>=2.15.0 ; extra == 'deepspeed-testing'
  - sentencepiece>=0.1.91,!=0.1.92 ; extra == 'deepspeed-testing'
  - protobuf ; extra == 'deepspeed-testing'
  - openai>=1.98.0 ; extra == 'deepspeed-testing'
  - pydantic>=2 ; extra == 'deepspeed-testing'
  - uvicorn ; extra == 'deepspeed-testing'
  - fastapi ; extra == 'deepspeed-testing'
  - starlette ; extra == 'deepspeed-testing'
  - rich ; extra == 'deepspeed-testing'
  - torch>=2.4 ; extra == 'deepspeed-testing'
  - accelerate>=1.1.0 ; extra == 'deepspeed-testing'
  - mistral-common[image]>=1.8.8 ; extra == 'deepspeed-testing'
  - optuna ; extra == 'deepspeed-testing'
  - sentencepiece>=0.1.91,!=0.1.92 ; extra == 'deepspeed-testing'
  - protobuf ; extra == 'deepspeed-testing'
  - torch>=2.4 ; extra == 'all'
  - accelerate>=1.1.0 ; extra == 'all'
  - torchvision ; extra == 'all'
  - pillow>=10.0.1,<=15.0 ; extra == 'all'
  - torchaudio ; extra == 'all'
  - librosa ; extra == 'all'
  - pyctcdecode>=0.4.0 ; extra == 'all'
  - phonemizer ; extra == 'all'
  - av ; extra == 'all'
  - kernels>=0.10.2,<0.11 ; extra == 'all'
  - timm>=1.0.23 ; extra == 'all'
  - sentencepiece>=0.1.91,!=0.1.92 ; extra == 'all'
  - protobuf ; extra == 'all'
  - tiktoken ; extra == 'all'
  - blobfile ; extra == 'all'
  - jinja2>=3.1.0 ; extra == 'all'
  - jmespath>=1.0.1 ; extra == 'all'
  - num2words ; extra == 'all'
  - mistral-common[image]>=1.8.8 ; extra == 'all'
  - torch>=2.4 ; extra == 'dev'
  - accelerate>=1.1.0 ; extra == 'dev'
  - torchvision ; extra == 'dev'
  - pillow>=10.0.1,<=15.0 ; extra == 'dev'
  - torchaudio ; extra == 'dev'
  - librosa ; extra == 'dev'
  - pyctcdecode>=0.4.0 ; extra == 'dev'
  - phonemizer ; extra == 'dev'
  - av ; extra == 'dev'
  - kernels>=0.10.2,<0.11 ; extra == 'dev'
  - timm>=1.0.23 ; extra == 'dev'
  - sentencepiece>=0.1.91,!=0.1.92 ; extra == 'dev'
  - protobuf ; extra == 'dev'
  - tiktoken ; extra == 'dev'
  - blobfile ; extra == 'dev'
  - jinja2>=3.1.0 ; extra == 'dev'
  - jmespath>=1.0.1 ; extra == 'dev'
  - num2words ; extra == 'dev'
  - mistral-common[image]>=1.8.8 ; extra == 'dev'
  - pytest>=7.2.0,<9.0.0 ; extra == 'dev'
  - pytest-asyncio>=1.2.0 ; extra == 'dev'
  - pytest-random-order ; extra == 'dev'
  - pytest-rich ; extra == 'dev'
  - pytest-xdist ; extra == 'dev'
  - pytest-order ; extra == 'dev'
  - pytest-rerunfailures<16.0 ; extra == 'dev'
  - pytest-timeout ; extra == 'dev'
  - pytest-env ; extra == 'dev'
  - timeout-decorator ; extra == 'dev'
  - parameterized>=0.9 ; extra == 'dev'
  - psutil ; extra == 'dev'
  - dill<0.3.5 ; extra == 'dev'
  - evaluate>=0.4.6 ; extra == 'dev'
  - rouge-score!=0.0.7,!=0.0.8,!=0.1,!=0.1.1 ; extra == 'dev'
  - nltk<=3.8.1 ; extra == 'dev'
  - sacremoses ; extra == 'dev'
  - rjieba ; extra == 'dev'
  - beautifulsoup4 ; extra == 'dev'
  - tensorboard ; extra == 'dev'
  - sacrebleu>=1.4.12,<2.0.0 ; extra == 'dev'
  - filelock ; extra == 'dev'
  - datasets>=2.15.0 ; extra == 'dev'
  - ruff==0.14.10 ; extra == 'dev'
  - gitpython<3.1.19 ; extra == 'dev'
  - urllib3<2.0.0 ; extra == 'dev'
  - libcst ; extra == 'dev'
  - rich ; extra == 'dev'
  - faiss-cpu ; extra == 'dev'
  - datasets>=2.15.0 ; extra == 'dev'
  - sentencepiece>=0.1.91,!=0.1.92 ; extra == 'dev'
  - protobuf ; extra == 'dev'
  - openai>=1.98.0 ; extra == 'dev'
  - pydantic>=2 ; extra == 'dev'
  - uvicorn ; extra == 'dev'
  - fastapi ; extra == 'dev'
  - starlette ; extra == 'dev'
  - rich ; extra == 'dev'
  - torch>=2.4 ; extra == 'dev'
  - accelerate>=1.1.0 ; extra == 'dev'
  - mistral-common[image]>=1.8.8 ; extra == 'dev'
  - fugashi>=1.0 ; extra == 'dev'
  - ipadic>=1.0.0,<2.0 ; extra == 'dev'
  - unidic-lite>=1.0.7 ; extra == 'dev'
  - unidic>=1.0.2 ; extra == 'dev'
  - rhoknp>=1.1.0,<1.3.1 ; extra == 'dev'
  - sudachipy>=0.6.6 ; extra == 'dev'
  - sudachidict-core>=20220729 ; extra == 'dev'
  - scikit-learn ; extra == 'dev'
  requires_python: '>=3.10.0'
- conda: https://conda.anaconda.org/conda-forge/noarch/typer-slim-0.21.1-pyhcf101f3_0.conda
  sha256: 9ef3c1b5ea2b355904b94323fc3fc95a37584ef09c6c86aafe472da156aa4d70
  md5: 3f64f1c7f9a23bead591884648949622
  depends:
  - python >=3.10
  - click >=8.0.0
  - typing_extensions >=3.7.4.3
  - python
  constrains:
  - typer 0.21.1.*
  - rich >=10.11.0
  - shellingham >=1.3.0
  license: MIT
  license_family: MIT
  purls:
  - pkg:pypi/typer-slim?source=compressed-mapping
  size: 48131
  timestamp: 1767711188309
- conda: https://conda.anaconda.org/conda-forge/noarch/typing-extensions-4.15.0-h396c80c_0.conda
  sha256: 7c2df5721c742c2a47b2c8f960e718c930031663ac1174da67c1ed5999f7938c
  md5: edd329d7d3a4ab45dcf905899a7a6115
  depends:
  - typing_extensions ==4.15.0 pyhcf101f3_0
  license: PSF-2.0
  license_family: PSF
  purls: []
  size: 91383
  timestamp: 1756220668932
- conda: https://conda.anaconda.org/conda-forge/noarch/typing_extensions-4.15.0-pyhcf101f3_0.conda
  sha256: 032271135bca55aeb156cee361c81350c6f3fb203f57d024d7e5a1fc9ef18731
  md5: 0caa1af407ecff61170c9437a808404d
  depends:
  - python >=3.10
  - python
  license: PSF-2.0
  license_family: PSF
  purls:
  - pkg:pypi/typing-extensions?source=hash-mapping
  size: 51692
  timestamp: 1756220668932
- conda: https://conda.anaconda.org/conda-forge/noarch/tzdata-2025c-hc9c84f9_1.conda
  sha256: 1d30098909076af33a35017eed6f2953af1c769e273a0626a04722ac4acaba3c
  md5: ad659d0a2b3e47e38d829aa8cad2d610
  license: LicenseRef-Public-Domain
  purls: []
  size: 119135
  timestamp: 1767016325805
- conda: https://conda.anaconda.org/conda-forge/noarch/urllib3-2.6.3-pyhd8ed1ab_0.conda
  sha256: af641ca7ab0c64525a96fd9ad3081b0f5bcf5d1cbb091afb3f6ed5a9eee6111a
  md5: 9272daa869e03efe68833e3dc7a02130
  depends:
  - backports.zstd >=1.0.0
  - brotli-python >=1.2.0
  - h2 >=4,<5
  - pysocks >=1.5.6,<2.0,!=1.5.7
  - python >=3.10
  license: MIT
  license_family: MIT
  purls:
  - pkg:pypi/urllib3?source=hash-mapping
  size: 103172
  timestamp: 1767817860341
- conda: https://conda.anaconda.org/conda-forge/osx-arm64/yaml-0.2.5-h925e9cb_3.conda
  sha256: b03433b13d89f5567e828ea9f1a7d5c5d697bf374c28a4168d71e9464f5dafac
  md5: 78a0fe9e9c50d2c381e8ee47e3ea437d
  depends:
  - __osx >=11.0
  license: MIT
  license_family: MIT
  purls: []
  size: 83386
  timestamp: 1753484079473
- conda: https://conda.anaconda.org/conda-forge/osx-arm64/zstd-1.5.7-hbf9d68e_6.conda
  sha256: 9485ba49e8f47d2b597dd399e88f4802e100851b27c21d7525625b0b4025a5d9
  md5: ab136e4c34e97f34fb621d2592a393d8
  depends:
  - __osx >=11.0
  - libzlib >=1.3.1,<2.0a0
  license: BSD-3-Clause
  license_family: BSD
  purls: []
  size: 433413
  timestamp: 1764777166076
